
Microsoft Visual Studio Solution File, Format Version 12.00
# Visual Studio 14
VisualStudioVersion = 14.0.25420.1
MinimumVisualStudioVersion = 10.0.40219.1
Project("{FAE04EC0-301F-11D3-BF4B-00C04F79EFBC}") = "TimerTicking", "TimerTicking\TimerTicking.csproj", "{044CE53D-BCC9-4D66-88DA-A3342704EEC9}"
EndProject
Project("{54435603-DBB4-11D2-8724-00A0C9A8B90C}") = "PornoSetup", "PornoSetup\PornoSetup.vdproj", "{13CA0198-3792-4921-8FDA-5A21B92B873A}"
EndProject
Global
	GlobalSection(SolutionConfigurationPlatforms) = preSolution
		Debug|Any CPU = Debug|Any CPU
		Release|Any CPU = Release|Any CPU
	EndGlobalSection
	GlobalSection(ProjectConfigurationPlatforms) = postSolution
		{044CE53D-BCC9-4D66-88DA-A3342704EEC9}.Debug|Any CPU.ActiveCfg = Debug|Any CPU
		{044CE53D-BCC9-4D66-88DA-A3342704EEC9}.Debug|Any CPU.Build.0 = Debug|Any CPU
		{044CE53D-BCC9-4D66-88DA-A3342704EEC9}.Release|Any CPU.ActiveCfg = Release|Any CPU
		{044CE53D-BCC9-4D66-88DA-A3342704EEC9}.Release|Any CPU.Build.0 = Release|Any CPU
		{13CA0198-3792-4921-8FDA-5A21B92B873A}.Debug|Any CPU.ActiveCfg = Debug
		{13CA0198-3792-4921-8FDA-5A21B92B873A}.Release|Any CPU.ActiveCfg = Release
	EndGlobalSection
	GlobalSection(SolutionProperties) = preSolution
		HideSolutionNode = FALSE
	EndGlobalSection
EndGlobal
